{
  "name": "@svelte-parts/map",
  "version": "0.0.22",
  "lockfileVersion": 2,
  "requires": true,
  "packages": {
    "": {
      "name": "@svelte-parts/map",
      "version": "0.0.22",
      "license": "MIT",
      "dependencies": {
        "leaflet": "^1.7.1"
      },
      "peerDependencies": {
        "svelte": "^3.29.7"
      }
    },
    "node_modules/leaflet": {
      "version": "1.7.1",
      "resolved": "https://registry.npmjs.org/leaflet/-/leaflet-1.7.1.tgz",
      "integrity": "sha512-/xwPEBidtg69Q3HlqPdU3DnrXQOvQU/CCHA1tcDQVzOwm91YMYaILjNp7L4Eaw5Z4sOYdbBz6koWyibppd8Zqw=="
    },
    "node_modules/svelte": {
      "version": "3.42.1",
      "resolved": "https://registry.npmjs.org/svelte/-/svelte-3.42.1.tgz",
      "integrity": "sha512-XtExLd2JAU3T7M2g/DkO3UNj/3n1WdTXrfL63OZ5nZq7nAqd9wQw+lR4Pv/wkVbrWbAIPfLDX47UjFdmnY+YtQ==",
      "peer": true,
      "engines": {
        "node": ">= 8"
      }
    }
  },
  "dependencies": {
    "leaflet": {
      "version": "1.7.1",
      "resolved": "https://registry.npmjs.org/leaflet/-/leaflet-1.7.1.tgz",
      "integrity": "sha512-/xwPEBidtg69Q3HlqPdU3DnrXQOvQU/CCHA1tcDQVzOwm91YMYaILjNp7L4Eaw5Z4sOYdbBz6koWyibppd8Zqw=="
    },
    "svelte": {
      "version": "3.42.1",
      "resolved": "https://registry.npmjs.org/svelte/-/svelte-3.42.1.tgz",
      "integrity": "sha512-XtExLd2JAU3T7M2g/DkO3UNj/3n1WdTXrfL63OZ5nZq7nAqd9wQw+lR4Pv/wkVbrWbAIPfLDX47UjFdmnY+YtQ==",
      "peer": true
    }
  }
}
