{
	"name": "@svelte-parts/editor",
	"version": "0.0.14",
	"lockfileVersion": 1,
	"requires": true,
	"dependencies": {
		"codemirror": {
			"version": "5.58.2",
			"resolved": "https://registry.npmjs.org/codemirror/-/codemirror-5.58.2.tgz",
			"integrity": "sha512-K/hOh24cCwRutd1Mk3uLtjWzNISOkm4fvXiMO7LucCrqbh6aJDdtqUziim3MZUI6wOY0rvY1SlL1Ork01uMy6w=="
		}
	}
}
