{
	"name": "@svelte-parts/zoom",
	"version": "0.0.21",
	"lockfileVersion": 2,
	"requires": true,
	"packages": {
		"": {
			"name": "@svelte-parts/zoom",
			"version": "0.0.18",
			"license": "MIT",
			"dependencies": {
				"d3-selection": "^2.0.0",
				"d3-zoom": "^2.0.0"
			},
			"peerDependencies": {
				"svelte": "^3.29.7"
			}
		},
		"node_modules/d3-color": {
			"version": "2.0.0",
			"resolved": "https://registry.npmjs.org/d3-color/-/d3-color-2.0.0.tgz",
			"integrity": "sha512-SPXi0TSKPD4g9tw0NMZFnR95XVgUZiBH+uUTqQuDu1OsE2zomHU7ho0FISciaPvosimixwHFl3WHLGabv6dDgQ=="
		},
		"node_modules/d3-dispatch": {
			"version": "2.0.0",
			"resolved": "https://registry.npmjs.org/d3-dispatch/-/d3-dispatch-2.0.0.tgz",
			"integrity": "sha512-S/m2VsXI7gAti2pBoLClFFTMOO1HTtT0j99AuXLoGFKO6deHDdnv6ZGTxSTTUTgO1zVcv82fCOtDjYK4EECmWA=="
		},
		"node_modules/d3-drag": {
			"version": "2.0.0",
			"resolved": "https://registry.npmjs.org/d3-drag/-/d3-drag-2.0.0.tgz",
			"integrity": "sha512-g9y9WbMnF5uqB9qKqwIIa/921RYWzlUDv9Jl1/yONQwxbOfszAWTCm8u7HOTgJgRDXiRZN56cHT9pd24dmXs8w==",
			"dependencies": {
				"d3-dispatch": "1 - 2",
				"d3-selection": "2"
			}
		},
		"node_modules/d3-ease": {
			"version": "2.0.0",
			"resolved": "https://registry.npmjs.org/d3-ease/-/d3-ease-2.0.0.tgz",
			"integrity": "sha512-68/n9JWarxXkOWMshcT5IcjbB+agblQUaIsbnXmrzejn2O82n3p2A9R2zEB9HIEFWKFwPAEDDN8gR0VdSAyyAQ=="
		},
		"node_modules/d3-interpolate": {
			"version": "2.0.1",
			"resolved": "https://registry.npmjs.org/d3-interpolate/-/d3-interpolate-2.0.1.tgz",
			"integrity": "sha512-c5UhwwTs/yybcmTpAVqwSFl6vrQ8JZJoT5F7xNFK9pymv5C0Ymcc9/LIJHtYIggg/yS9YHw8i8O8tgb9pupjeQ==",
			"dependencies": {
				"d3-color": "1 - 2"
			}
		},
		"node_modules/d3-selection": {
			"version": "2.0.0",
			"resolved": "https://registry.npmjs.org/d3-selection/-/d3-selection-2.0.0.tgz",
			"integrity": "sha512-XoGGqhLUN/W14NmaqcO/bb1nqjDAw5WtSYb2X8wiuQWvSZUsUVYsOSkOybUrNvcBjaywBdYPy03eXHMXjk9nZA=="
		},
		"node_modules/d3-timer": {
			"version": "2.0.0",
			"resolved": "https://registry.npmjs.org/d3-timer/-/d3-timer-2.0.0.tgz",
			"integrity": "sha512-TO4VLh0/420Y/9dO3+f9abDEFYeCUr2WZRlxJvbp4HPTQcSylXNiL6yZa9FIUvV1yRiFufl1bszTCLDqv9PWNA=="
		},
		"node_modules/d3-transition": {
			"version": "2.0.0",
			"resolved": "https://registry.npmjs.org/d3-transition/-/d3-transition-2.0.0.tgz",
			"integrity": "sha512-42ltAGgJesfQE3u9LuuBHNbGrI/AJjNL2OAUdclE70UE6Vy239GCBEYD38uBPoLeNsOhFStGpPI0BAOV+HMxog==",
			"dependencies": {
				"d3-color": "1 - 2",
				"d3-dispatch": "1 - 2",
				"d3-ease": "1 - 2",
				"d3-interpolate": "1 - 2",
				"d3-timer": "1 - 2"
			},
			"peerDependencies": {
				"d3-selection": "2"
			}
		},
		"node_modules/d3-zoom": {
			"version": "2.0.0",
			"resolved": "https://registry.npmjs.org/d3-zoom/-/d3-zoom-2.0.0.tgz",
			"integrity": "sha512-fFg7aoaEm9/jf+qfstak0IYpnesZLiMX6GZvXtUSdv8RH2o4E2qeelgdU09eKS6wGuiGMfcnMI0nTIqWzRHGpw==",
			"dependencies": {
				"d3-dispatch": "1 - 2",
				"d3-drag": "2",
				"d3-interpolate": "1 - 2",
				"d3-selection": "2",
				"d3-transition": "2"
			}
		},
		"node_modules/svelte": {
			"version": "3.42.1",
			"resolved": "https://registry.npmjs.org/svelte/-/svelte-3.42.1.tgz",
			"integrity": "sha512-XtExLd2JAU3T7M2g/DkO3UNj/3n1WdTXrfL63OZ5nZq7nAqd9wQw+lR4Pv/wkVbrWbAIPfLDX47UjFdmnY+YtQ==",
			"peer": true,
			"engines": {
				"node": ">= 8"
			}
		}
	},
	"dependencies": {
		"d3-color": {
			"version": "2.0.0",
			"resolved": "https://registry.npmjs.org/d3-color/-/d3-color-2.0.0.tgz",
			"integrity": "sha512-SPXi0TSKPD4g9tw0NMZFnR95XVgUZiBH+uUTqQuDu1OsE2zomHU7ho0FISciaPvosimixwHFl3WHLGabv6dDgQ=="
		},
		"d3-dispatch": {
			"version": "2.0.0",
			"resolved": "https://registry.npmjs.org/d3-dispatch/-/d3-dispatch-2.0.0.tgz",
			"integrity": "sha512-S/m2VsXI7gAti2pBoLClFFTMOO1HTtT0j99AuXLoGFKO6deHDdnv6ZGTxSTTUTgO1zVcv82fCOtDjYK4EECmWA=="
		},
		"d3-drag": {
			"version": "2.0.0",
			"resolved": "https://registry.npmjs.org/d3-drag/-/d3-drag-2.0.0.tgz",
			"integrity": "sha512-g9y9WbMnF5uqB9qKqwIIa/921RYWzlUDv9Jl1/yONQwxbOfszAWTCm8u7HOTgJgRDXiRZN56cHT9pd24dmXs8w==",
			"requires": {
				"d3-dispatch": "1 - 2",
				"d3-selection": "2"
			}
		},
		"d3-ease": {
			"version": "2.0.0",
			"resolved": "https://registry.npmjs.org/d3-ease/-/d3-ease-2.0.0.tgz",
			"integrity": "sha512-68/n9JWarxXkOWMshcT5IcjbB+agblQUaIsbnXmrzejn2O82n3p2A9R2zEB9HIEFWKFwPAEDDN8gR0VdSAyyAQ=="
		},
		"d3-interpolate": {
			"version": "2.0.1",
			"resolved": "https://registry.npmjs.org/d3-interpolate/-/d3-interpolate-2.0.1.tgz",
			"integrity": "sha512-c5UhwwTs/yybcmTpAVqwSFl6vrQ8JZJoT5F7xNFK9pymv5C0Ymcc9/LIJHtYIggg/yS9YHw8i8O8tgb9pupjeQ==",
			"requires": {
				"d3-color": "1 - 2"
			}
		},
		"d3-selection": {
			"version": "2.0.0",
			"resolved": "https://registry.npmjs.org/d3-selection/-/d3-selection-2.0.0.tgz",
			"integrity": "sha512-XoGGqhLUN/W14NmaqcO/bb1nqjDAw5WtSYb2X8wiuQWvSZUsUVYsOSkOybUrNvcBjaywBdYPy03eXHMXjk9nZA=="
		},
		"d3-timer": {
			"version": "2.0.0",
			"resolved": "https://registry.npmjs.org/d3-timer/-/d3-timer-2.0.0.tgz",
			"integrity": "sha512-TO4VLh0/420Y/9dO3+f9abDEFYeCUr2WZRlxJvbp4HPTQcSylXNiL6yZa9FIUvV1yRiFufl1bszTCLDqv9PWNA=="
		},
		"d3-transition": {
			"version": "2.0.0",
			"resolved": "https://registry.npmjs.org/d3-transition/-/d3-transition-2.0.0.tgz",
			"integrity": "sha512-42ltAGgJesfQE3u9LuuBHNbGrI/AJjNL2OAUdclE70UE6Vy239GCBEYD38uBPoLeNsOhFStGpPI0BAOV+HMxog==",
			"requires": {
				"d3-color": "1 - 2",
				"d3-dispatch": "1 - 2",
				"d3-ease": "1 - 2",
				"d3-interpolate": "1 - 2",
				"d3-timer": "1 - 2"
			}
		},
		"d3-zoom": {
			"version": "2.0.0",
			"resolved": "https://registry.npmjs.org/d3-zoom/-/d3-zoom-2.0.0.tgz",
			"integrity": "sha512-fFg7aoaEm9/jf+qfstak0IYpnesZLiMX6GZvXtUSdv8RH2o4E2qeelgdU09eKS6wGuiGMfcnMI0nTIqWzRHGpw==",
			"requires": {
				"d3-dispatch": "1 - 2",
				"d3-drag": "2",
				"d3-interpolate": "1 - 2",
				"d3-selection": "2",
				"d3-transition": "2"
			}
		},
		"svelte": {
			"version": "3.42.1",
			"resolved": "https://registry.npmjs.org/svelte/-/svelte-3.42.1.tgz",
			"integrity": "sha512-XtExLd2JAU3T7M2g/DkO3UNj/3n1WdTXrfL63OZ5nZq7nAqd9wQw+lR4Pv/wkVbrWbAIPfLDX47UjFdmnY+YtQ==",
			"peer": true
		}
	}
}
