{
  "name": "@svelte-parts/form-builder",
  "version": "0.0.16",
  "lockfileVersion": 1,
  "requires": true,
  "dependencies": {
    "@svelte-parts/form": {
      "version": "0.0.16"
    },
    "@svelte-parts/icons": {
      "version": "0.0.16"
    },
    "svelte": {
      "version": "3.31.0",
      "resolved": "https://registry.npmjs.org/svelte/-/svelte-3.31.0.tgz",
      "integrity": "sha512-r+n8UJkDqoQm1b+3tA3Lh6mHXKpcfOSOuEuIo5gE2W9wQYi64RYX/qE6CZBDDsP/H4M+N426JwY7XGH4xASvGQ=="
    }
  }
}
